// !$*UTF8*$!
{
	archiveVersion = 1;
	classes = {
	};
	objectVersion = 56;
	objects = {

/* Begin PBXBuildFile section */
		F257D36729C40B5900A1829E /* GridDemoApp.swift in Sources */ = {isa = PBXBuildFile; fileRef = F257D36629C40B5900A1829E /* GridDemoApp.swift */; };
		F257D36929C40B5900A1829E /* ContentView.swift in Sources */ = {isa = PBXBuildFile; fileRef = F257D36829C40B5900A1829E /* ContentView.swift */; };
		F257D36B29C40B5A00A1829E /* Assets.xcassets in Resources */ = {isa = PBXBuildFile; fileRef = F257D36A29C40B5A00A1829E /* Assets.xcassets */; };
		F257D36F29C40B5A00A1829E /* Preview Assets.xcassets in Resources */ = {isa = PBXBuildFile; fileRef = F257D36E29C40B5A00A1829E /* Preview Assets.xcassets */; };
		F257D37929C40B5A00A1829E /* GridDemoTests.swift in Sources */ = {isa = PBXBuildFile; fileRef = F257D37829C40B5A00A1829E /* GridDemoTests.swift */; };
		F257D38329C40B5A00A1829E /* GridDemoUITests.swift in Sources */ = {isa = PBXBuildFile; fileRef = F257D38229C40B5A00A1829E /* GridDemoUITests.swift */; };
		F257D38529C40B5A00A1829E /* GridDemoUITestsLaunchTests.swift in Sources */ = {isa = PBXBuildFile; fileRef = F257D38429C40B5A00A1829E /* GridDemoUITestsLaunchTests.swift */; };
/* End PBXBuildFile section */

/* Begin PBXContainerItemProxy section */
		F257D37529C40B5A00A1829E /* PBXContainerItemProxy */ = {
			isa = PBXContainerItemProxy;
			containerPortal = F257D35B29C40B5900A1829E /* Project object */;
			proxyType = 1;
			remoteGlobalIDString = F257D36229C40B5900A1829E;
			remoteInfo = GridDemo;
		};
		F257D37F29C40B5A00A1829E /* PBXContainerItemProxy */ = {
			isa = PBXContainerItemProxy;
			containerPortal = F257D35B29C40B5900A1829E /* Project object */;
			proxyType = 1;
			remoteGlobalIDString = F257D36229C40B5900A1829E;
			remoteInfo = GridDemo;
		};
/* End PBXContainerItemProxy section */

/* Begin PBXFileReference section */
		F257D36329C40B5900A1829E /* GridDemo.app */ = {isa = PBXFileReference; explicitFileType = wrapper.application; includeInIndex = 0; path = GridDemo.app; sourceTree = BUILT_PRODUCTS_DIR; };
		F257D36629C40B5900A1829E /* GridDemoApp.swift */ = {isa = PBXFileReference; lastKnownFileType = sourcecode.swift; path = GridDemoApp.swift; sourceTree = "<group>"; };
		F257D36829C40B5900A1829E /* ContentView.swift */ = {isa = PBXFileReference; lastKnownFileType = sourcecode.swift; path = ContentView.swift; sourceTree = "<group>"; };
		F257D36A29C40B5A00A1829E /* Assets.xcassets */ = {isa = PBXFileReference; lastKnownFileType = folder.assetcatalog; path = Assets.xcassets; sourceTree = "<group>"; };
		F257D36C29C40B5A00A1829E /* GridDemo.entitlements */ = {isa = PBXFileReference; lastKnownFileType = text.plist.entitlements; path = GridDemo.entitlements; sourceTree = "<group>"; };
		F257D36E29C40B5A00A1829E /* Preview Assets.xcassets */ = {isa = PBXFileReference; lastKnownFileType = folder.assetcatalog; path = "Preview Assets.xcassets"; sourceTree = "<group>"; };
		F257D37429C40B5A00A1829E /* GridDemoTests.xctest */ = {isa = PBXFileReference; explicitFileType = wrapper.cfbundle; includeInIndex = 0; path = GridDemoTests.xctest; sourceTree = BUILT_PRODUCTS_DIR; };
		F257D37829C40B5A00A1829E /* GridDemoTests.swift */ = {isa = PBXFileReference; lastKnownFileType = sourcecode.swift; path = GridDemoTests.swift; sourceTree = "<group>"; };
		F257D37E29C40B5A00A1829E /* GridDemoUITests.xctest */ = {isa = PBXFileReference; explicitFileType = wrapper.cfbundle; includeInIndex = 0; path = GridDemoUITests.xctest; sourceTree = BUILT_PRODUCTS_DIR; };
		F257D38229C40B5A00A1829E /* GridDemoUITests.swift */ = {isa = PBXFileReference; lastKnownFileType = sourcecode.swift; path = GridDemoUITests.swift; sourceTree = "<group>"; };
		F257D38429C40B5A00A1829E /* GridDemoUITestsLaunchTests.swift */ = {isa = PBXFileReference; lastKnownFileType = sourcecode.swift; path = GridDemoUITestsLaunchTests.swift; sourceTree = "<group>"; };
/* End PBXFileReference section */

/* Begin PBXFrameworksBuildPhase section */
		F257D36029C40B5900A1829E /* Frameworks */ = {
			isa = PBXFrameworksBuildPhase;
			buildActionMask = 2147483647;
			files = (
			);
			runOnlyForDeploymentPostprocessing = 0;
		};
		F257D37129C40B5A00A1829E /* Frameworks */ = {
			isa = PBXFrameworksBuildPhase;
			buildActionMask = 2147483647;
			files = (
			);
			runOnlyForDeploymentPostprocessing = 0;
		};
		F257D37B29C40B5A00A1829E /* Frameworks */ = {
			isa = PBXFrameworksBuildPhase;
			buildActionMask = 2147483647;
			files = (
			);
			runOnlyForDeploymentPostprocessing = 0;
		};
/* End PBXFrameworksBuildPhase section */

/* Begin PBXGroup section */
		F257D35A29C40B5900A1829E = {
			isa = PBXGroup;
			children = (
				F257D36529C40B5900A1829E /* GridDemo */,
				F257D37729C40B5A00A1829E /* GridDemoTests */,
				F257D38129C40B5A00A1829E /* GridDemoUITests */,
				F257D36429C40B5900A1829E /* Products */,
			);
			sourceTree = "<group>";
		};
		F257D36429C40B5900A1829E /* Products */ = {
			isa = PBXGroup;
			children = (
				F257D36329C40B5900A1829E /* GridDemo.app */,
				F257D37429C40B5A00A1829E /* GridDemoTests.xctest */,
				F257D37E29C40B5A00A1829E /* GridDemoUITests.xctest */,
			);
			name = Products;
			sourceTree = "<group>";
		};
		F257D36529C40B5900A1829E /* GridDemo */ = {
			isa = PBXGroup;
			children = (
				F257D36629C40B5900A1829E /* GridDemoApp.swift */,
				F257D36829C40B5900A1829E /* ContentView.swift */,
				F257D36A29C40B5A00A1829E /* Assets.xcassets */,
				F257D36C29C40B5A00A1829E /* GridDemo.entitlements */,
				F257D36D29C40B5A00A1829E /* Preview Content */,
			);
			path = GridDemo;
			sourceTree = "<group>";
		};
		F257D36D29C40B5A00A1829E /* Preview Content */ = {
			isa = PBXGroup;
			children = (
				F257D36E29C40B5A00A1829E /* Preview Assets.xcassets */,
			);
			path = "Preview Content";
			sourceTree = "<group>";
		};
		F257D37729C40B5A00A1829E /* GridDemoTests */ = {
			isa = PBXGroup;
			children = (
				F257D37829C40B5A00A1829E /* GridDemoTests.swift */,
			);
			path = GridDemoTests;
			sourceTree = "<group>";
		};
		F257D38129C40B5A00A1829E /* GridDemoUITests */ = {
			isa = PBXGroup;
			children = (
				F257D38229C40B5A00A1829E /* GridDemoUITests.swift */,
				F257D38429C40B5A00A1829E /* GridDemoUITestsLaunchTests.swift */,
			);
			path = GridDemoUITests;
			sourceTree = "<group>";
		};
/* End PBXGroup section */

/* Begin PBXNativeTarget section */
		F257D36229C40B5900A1829E /* GridDemo */ = {
			isa = PBXNativeTarget;
			buildConfigurationList = F257D38829C40B5A00A1829E /* Build configuration list for PBXNativeTarget "GridDemo" */;
			buildPhases = (
				F257D35F29C40B5900A1829E /* Sources */,
				F257D36029C40B5900A1829E /* Frameworks */,
				F257D36129C40B5900A1829E /* Resources */,
			);
			buildRules = (
			);
			dependencies = (
			);
			name = GridDemo;
			productName = GridDemo;
			productReference = F257D36329C40B5900A1829E /* GridDemo.app */;
			productType = "com.apple.product-type.application";
		};
		F257D37329C40B5A00A1829E /* GridDemoTests */ = {
			isa = PBXNativeTarget;
			buildConfigurationList = F257D38B29C40B5A00A1829E /* Build configuration list for PBXNativeTarget "GridDemoTests" */;
			buildPhases = (
				F257D37029C40B5A00A1829E /* Sources */,
				F257D37129C40B5A00A1829E /* Frameworks */,
				F257D37229C40B5A00A1829E /* Resources */,
			);
			buildRules = (
			);
			dependencies = (
				F257D37629C40B5A00A1829E /* PBXTargetDependency */,
			);
			name = GridDemoTests;
			productName = GridDemoTests;
			productReference = F257D37429C40B5A00A1829E /* GridDemoTests.xctest */;
			productType = "com.apple.product-type.bundle.unit-test";
		};
		F257D37D29C40B5A00A1829E /* GridDemoUITests */ = {
			isa = PBXNativeTarget;
			buildConfigurationList = F257D38E29C40B5A00A1829E /* Build configuration list for PBXNativeTarget "GridDemoUITests" */;
			buildPhases = (
				F257D37A29C40B5A00A1829E /* Sources */,
				F257D37B29C40B5A00A1829E /* Frameworks */,
				F257D37C29C40B5A00A1829E /* Resources */,
			);
			buildRules = (
			);
			dependencies = (
				F257D38029C40B5A00A1829E /* PBXTargetDependency */,
			);
			name = GridDemoUITests;
			productName = GridDemoUITests;
			productReference = F257D37E29C40B5A00A1829E /* GridDemoUITests.xctest */;
			productType = "com.apple.product-type.bundle.ui-testing";
		};
/* End PBXNativeTarget section */

/* Begin PBXProject section */
		F257D35B29C40B5900A1829E /* Project object */ = {
			isa = PBXProject;
			attributes = {
				BuildIndependentTargetsInParallel = 1;
				LastSwiftUpdateCheck = 1420;
				LastUpgradeCheck = 1420;
				TargetAttributes = {
					F257D36229C40B5900A1829E = {
						CreatedOnToolsVersion = 14.2;
					};
					F257D37329C40B5A00A1829E = {
						CreatedOnToolsVersion = 14.2;
						TestTargetID = F257D36229C40B5900A1829E;
					};
					F257D37D29C40B5A00A1829E = {
						CreatedOnToolsVersion = 14.2;
						TestTargetID = F257D36229C40B5900A1829E;
					};
				};
			};
			buildConfigurationList = F257D35E29C40B5900A1829E /* Build configuration list for PBXProject "GridDemo" */;
			compatibilityVersion = "Xcode 14.0";
			developmentRegion = en;
			hasScannedForEncodings = 0;
			knownRegions = (
				en,
				Base,
			);
			mainGroup = F257D35A29C40B5900A1829E;
			productRefGroup = F257D36429C40B5900A1829E /* Products */;
			projectDirPath = "";
			projectRoot = "";
			targets = (
				F257D36229C40B5900A1829E /* GridDemo */,
				F257D37329C40B5A00A1829E /* GridDemoTests */,
				F257D37D29C40B5A00A1829E /* GridDemoUITests */,
			);
		};
/* End PBXProject section */

/* Begin PBXResourcesBuildPhase section */
		F257D36129C40B5900A1829E /* Resources */ = {
			isa = PBXResourcesBuildPhase;
			buildActionMask = 2147483647;
			files = (
				F257D36F29C40B5A00A1829E /* Preview Assets.xcassets in Resources */,
				F257D36B29C40B5A00A1829E /* Assets.xcassets in Resources */,
			);
			runOnlyForDeploymentPostprocessing = 0;
		};
		F257D37229C40B5A00A1829E /* Resources */ = {
			isa = PBXResourcesBuildPhase;
			buildActionMask = 2147483647;
			files = (
			);
			runOnlyForDeploymentPostprocessing = 0;
		};
		F257D37C29C40B5A00A1829E /* Resources */ = {
			isa = PBXResourcesBuildPhase;
			buildActionMask = 2147483647;
			files = (
			);
			runOnlyForDeploymentPostprocessing = 0;
		};
/* End PBXResourcesBuildPhase section */

/* Begin PBXSourcesBuildPhase section */
		F257D35F29C40B5900A1829E /* Sources */ = {
			isa = PBXSourcesBuildPhase;
			buildActionMask = 2147483647;
			files = (
				F257D36929C40B5900A1829E /* ContentView.swift in Sources */,
				F257D36729C40B5900A1829E /* GridDemoApp.swift in Sources */,
			);
			runOnlyForDeploymentPostprocessing = 0;
		};
		F257D37029C40B5A00A1829E /* Sources */ = {
			isa = PBXSourcesBuildPhase;
			buildActionMask = 2147483647;
			files = (
				F257D37929C40B5A00A1829E /* GridDemoTests.swift in Sources */,
			);
			runOnlyForDeploymentPostprocessing = 0;
		};
		F257D37A29C40B5A00A1829E /* Sources */ = {
			isa = PBXSourcesBuildPhase;
			buildActionMask = 2147483647;
			files = (
				F257D38529C40B5A00A1829E /* GridDemoUITestsLaunchTests.swift in Sources */,
				F257D38329C40B5A00A1829E /* GridDemoUITests.swift in Sources */,
			);
			runOnlyForDeploymentPostprocessing = 0;
		};
/* End PBXSourcesBuildPhase section */

/* Begin PBXTargetDependency section */
		F257D37629C40B5A00A1829E /* PBXTargetDependency */ = {
			isa = PBXTargetDependency;
			target = F257D36229C40B5900A1829E /* GridDemo */;
			targetProxy = F257D37529C40B5A00A1829E /* PBXContainerItemProxy */;
		};
		F257D38029C40B5A00A1829E /* PBXTargetDependency */ = {
			isa = PBXTargetDependency;
			target = F257D36229C40B5900A1829E /* GridDemo */;
			targetProxy = F257D37F29C40B5A00A1829E /* PBXContainerItemProxy */;
		};
/* End PBXTargetDependency section */

/* Begin XCBuildConfiguration section */
		F257D38629C40B5A00A1829E /* Debug */ = {
			isa = XCBuildConfiguration;
			buildSettings = {
				ALWAYS_SEARCH_USER_PATHS = NO;
				CLANG_ANALYZER_NONNULL = YES;
				CLANG_ANALYZER_NUMBER_OBJECT_CONVERSION = YES_AGGRESSIVE;
				CLANG_CXX_LANGUAGE_STANDARD = "gnu++20";
				CLANG_ENABLE_MODULES = YES;
				CLANG_ENABLE_OBJC_ARC = YES;
				CLANG_ENABLE_OBJC_WEAK = YES;
				CLANG_WARN_BLOCK_CAPTURE_AUTORELEASING = YES;
				CLANG_WARN_BOOL_CONVERSION = YES;
				CLANG_WARN_COMMA = YES;
				CLANG_WARN_CONSTANT_CONVERSION = YES;
				CLANG_WARN_DEPRECATED_OBJC_IMPLEMENTATIONS = YES;
				CLANG_WARN_DIRECT_OBJC_ISA_USAGE = YES_ERROR;
				CLANG_WARN_DOCUMENTATION_COMMENTS = YES;
				CLANG_WARN_EMPTY_BODY = YES;
				CLANG_WARN_ENUM_CONVERSION = YES;
				CLANG_WARN_INFINITE_RECURSION = YES;
				CLANG_WARN_INT_CONVERSION = YES;
				CLANG_WARN_NON_LITERAL_NULL_CONVERSION = YES;
				CLANG_WARN_OBJC_IMPLICIT_RETAIN_SELF = YES;
				CLANG_WARN_OBJC_LITERAL_CONVERSION = YES;
				CLANG_WARN_OBJC_ROOT_CLASS = YES_ERROR;
				CLANG_WARN_QUOTED_INCLUDE_IN_FRAMEWORK_HEADER = YES;
				CLANG_WARN_RANGE_LOOP_ANALYSIS = YES;
				CLANG_WARN_STRICT_PROTOTYPES = YES;
				CLANG_WARN_SUSPICIOUS_MOVE = YES;
				CLANG_WARN_UNGUARDED_AVAILABILITY = YES_AGGRESSIVE;
				CLANG_WARN_UNREACHABLE_CODE = YES;
				CLANG_WARN__DUPLICATE_METHOD_MATCH = YES;
				COPY_PHASE_STRIP = NO;
				DEBUG_INFORMATION_FORMAT = dwarf;
				ENABLE_STRICT_OBJC_MSGSEND = YES;
				ENABLE_TESTABILITY = YES;
				GCC_C_LANGUAGE_STANDARD = gnu11;
				GCC_DYNAMIC_NO_PIC = NO;
				GCC_NO_COMMON_BLOCKS = YES;
				GCC_OPTIMIZATION_LEVEL = 0;
				GCC_PREPROCESSOR_DEFINITIONS = (
					"DEBUG=1",
					"$(inherited)",
				);
				GCC_WARN_64_TO_32_BIT_CONVERSION = YES;
				GCC_WARN_ABOUT_RETURN_TYPE = YES_ERROR;
				GCC_WARN_UNDECLARED_SELECTOR = YES;
				GCC_WARN_UNINITIALIZED_AUTOS = YES_AGGRESSIVE;
				GCC_WARN_UNUSED_FUNCTION = YES;
				GCC_WARN_UNUSED_VARIABLE = YES;
				MTL_ENABLE_DEBUG_INFO = INCLUDE_SOURCE;
				MTL_FAST_MATH = YES;
				ONLY_ACTIVE_ARCH = YES;
				SWIFT_ACTIVE_COMPILATION_CONDITIONS = DEBUG;
				SWIFT_OPTIMIZATION_LEVEL = "-Onone";
			};
			name = Debug;
		};
		F257D38729C40B5A00A1829E /* Release */ = {
			isa = XCBuildConfiguration;
			buildSettings = {
				ALWAYS_SEARCH_USER_PATHS = NO;
				CLANG_ANALYZER_NONNULL = YES;
				CLANG_ANALYZER_NUMBER_OBJECT_CONVERSION = YES_AGGRESSIVE;
				CLANG_CXX_LANGUAGE_STANDARD = "gnu++20";
				CLANG_ENABLE_MODULES = YES;
				CLANG_ENABLE_OBJC_ARC = YES;
				CLANG_ENABLE_OBJC_WEAK = YES;
				CLANG_WARN_BLOCK_CAPTURE_AUTORELEASING = YES;
				CLANG_WARN_BOOL_CONVERSION = YES;
				CLANG_WARN_COMMA = YES;
				CLANG_WARN_CONSTANT_CONVERSION = YES;
				CLANG_WARN_DEPRECATED_OBJC_IMPLEMENTATIONS = YES;
				CLANG_WARN_DIRECT_OBJC_ISA_USAGE = YES_ERROR;
				CLANG_WARN_DOCUMENTATION_COMMENTS = YES;
				CLANG_WARN_EMPTY_BODY = YES;
				CLANG_WARN_ENUM_CONVERSION = YES;
				CLANG_WARN_INFINITE_RECURSION = YES;
				CLANG_WARN_INT_CONVERSION = YES;
				CLANG_WARN_NON_LITERAL_NULL_CONVERSION = YES;
				CLANG_WARN_OBJC_IMPLICIT_RETAIN_SELF = YES;
				CLANG_WARN_OBJC_LITERAL_CONVERSION = YES;
				CLANG_WARN_OBJC_ROOT_CLASS = YES_ERROR;
				CLANG_WARN_QUOTED_INCLUDE_IN_FRAMEWORK_HEADER = YES;
				CLANG_WARN_RANGE_LOOP_ANALYSIS = YES;
				CLANG_WARN_STRICT_PROTOTYPES = YES;
				CLANG_WARN_SUSPICIOUS_MOVE = YES;
				CLANG_WARN_UNGUARDED_AVAILABILITY = YES_AGGRESSIVE;
				CLANG_WARN_UNREACHABLE_CODE = YES;
				CLANG_WARN__DUPLICATE_METHOD_MATCH = YES;
				COPY_PHASE_STRIP = NO;
				DEBUG_INFORMATION_FORMAT = "dwarf-with-dsym";
				ENABLE_NS_ASSERTIONS = NO;
				ENABLE_STRICT_OBJC_MSGSEND = YES;
				GCC_C_LANGUAGE_STANDARD = gnu11;
				GCC_NO_COMMON_BLOCKS = YES;
				GCC_WARN_64_TO_32_BIT_CONVERSION = YES;
				GCC_WARN_ABOUT_RETURN_TYPE = YES_ERROR;
				GCC_WARN_UNDECLARED_SELECTOR = YES;
				GCC_WARN_UNINITIALIZED_AUTOS = YES_AGGRESSIVE;
				GCC_WARN_UNUSED_FUNCTION = YES;
				GCC_WARN_UNUSED_VARIABLE = YES;
				MTL_ENABLE_DEBUG_INFO = NO;
				MTL_FAST_MATH = YES;
				SWIFT_COMPILATION_MODE = wholemodule;
				SWIFT_OPTIMIZATION_LEVEL = "-O";
			};
			name = Release;
		};
		F257D38929C40B5A00A1829E /* Debug */ = {
			isa = XCBuildConfiguration;
			buildSettings = {
				ASSETCATALOG_COMPILER_APPICON_NAME = AppIcon;
				ASSETCATALOG_COMPILER_GLOBAL_ACCENT_COLOR_NAME = AccentColor;
				CODE_SIGN_ENTITLEMENTS = GridDemo/GridDemo.entitlements;
				CODE_SIGN_STYLE = Automatic;
				CURRENT_PROJECT_VERSION = 1;
				DEVELOPMENT_ASSET_PATHS = "\"GridDemo/Preview Content\"";
				DEVELOPMENT_TEAM = VT9QW74UCT;
				ENABLE_HARDENED_RUNTIME = YES;
				ENABLE_PREVIEWS = YES;
				GENERATE_INFOPLIST_FILE = YES;
				"INFOPLIST_KEY_UIApplicationSceneManifest_Generation[sdk=iphoneos*]" = YES;
				"INFOPLIST_KEY_UIApplicationSceneManifest_Generation[sdk=iphonesimulator*]" = YES;
				"INFOPLIST_KEY_UIApplicationSupportsIndirectInputEvents[sdk=iphoneos*]" = YES;
				"INFOPLIST_KEY_UIApplicationSupportsIndirectInputEvents[sdk=iphonesimulator*]" = YES;
				"INFOPLIST_KEY_UILaunchScreen_Generation[sdk=iphoneos*]" = YES;
				"INFOPLIST_KEY_UILaunchScreen_Generation[sdk=iphonesimulator*]" = YES;
				"INFOPLIST_KEY_UIStatusBarStyle[sdk=iphoneos*]" = UIStatusBarStyleDefault;
				"INFOPLIST_KEY_UIStatusBarStyle[sdk=iphonesimulator*]" = UIStatusBarStyleDefault;
				INFOPLIST_KEY_UISupportedInterfaceOrientations_iPad = "UIInterfaceOrientationPortrait UIInterfaceOrientationPortraitUpsideDown UIInterfaceOrientationLandscapeLeft UIInterfaceOrientationLandscapeRight";
				INFOPLIST_KEY_UISupportedInterfaceOrientations_iPhone = "UIInterfaceOrientationPortrait UIInterfaceOrientationLandscapeLeft UIInterfaceOrientationLandscapeRight";
				IPHONEOS_DEPLOYMENT_TARGET = 16.2;
				LD_RUNPATH_SEARCH_PATHS = "@executable_path/Frameworks";
				"LD_RUNPATH_SEARCH_PATHS[sdk=macosx*]" = "@executable_path/../Frameworks";
				MACOSX_DEPLOYMENT_TARGET = 13.1;
				MARKETING_VERSION = 1.0;
				PRODUCT_BUNDLE_IDENTIFIER = DevOp.GridDemo;
				PRODUCT_NAME = "$(TARGET_NAME)";
				SDKROOT = auto;
				SUPPORTED_PLATFORMS = "iphoneos iphonesimulator macosx";
				SWIFT_EMIT_LOC_STRINGS = YES;
				SWIFT_VERSION = 5.0;
				TARGETED_DEVICE_FAMILY = "1,2";
			};
			name = Debug;
		};
		F257D38A29C40B5A00A1829E /* Release */ = {
			isa = XCBuildConfiguration;
			buildSettings = {
				ASSETCATALOG_COMPILER_APPICON_NAME = AppIcon;
				ASSETCATALOG_COMPILER_GLOBAL_ACCENT_COLOR_NAME = AccentColor;
				CODE_SIGN_ENTITLEMENTS = GridDemo/GridDemo.entitlements;
				CODE_SIGN_STYLE = Automatic;
				CURRENT_PROJECT_VERSION = 1;
				DEVELOPMENT_ASSET_PATHS = "\"GridDemo/Preview Content\"";
				DEVELOPMENT_TEAM = VT9QW74UCT;
				ENABLE_HARDENED_RUNTIME = YES;
				ENABLE_PREVIEWS = YES;
				GENERATE_INFOPLIST_FILE = YES;
				"INFOPLIST_KEY_UIApplicationSceneManifest_Generation[sdk=iphoneos*]" = YES;
				"INFOPLIST_KEY_UIApplicationSceneManifest_Generation[sdk=iphonesimulator*]" = YES;
				"INFOPLIST_KEY_UIApplicationSupportsIndirectInputEvents[sdk=iphoneos*]" = YES;
				"INFOPLIST_KEY_UIApplicationSupportsIndirectInputEvents[sdk=iphonesimulator*]" = YES;
				"INFOPLIST_KEY_UILaunchScreen_Generation[sdk=iphoneos*]" = YES;
				"INFOPLIST_KEY_UILaunchScreen_Generation[sdk=iphonesimulator*]" = YES;
				"INFOPLIST_KEY_UIStatusBarStyle[sdk=iphoneos*]" = UIStatusBarStyleDefault;
				"INFOPLIST_KEY_UIStatusBarStyle[sdk=iphonesimulator*]" = UIStatusBarStyleDefault;
				INFOPLIST_KEY_UISupportedInterfaceOrientations_iPad = "UIInterfaceOrientationPortrait UIInterfaceOrientationPortraitUpsideDown UIInterfaceOrientationLandscapeLeft UIInterfaceOrientationLandscapeRight";
				INFOPLIST_KEY_UISupportedInterfaceOrientations_iPhone = "UIInterfaceOrientationPortrait UIInterfaceOrientationLandscapeLeft UIInterfaceOrientationLandscapeRight";
				IPHONEOS_DEPLOYMENT_TARGET = 16.2;
				LD_RUNPATH_SEARCH_PATHS = "@executable_path/Frameworks";
				"LD_RUNPATH_SEARCH_PATHS[sdk=macosx*]" = "@executable_path/../Frameworks";
				MACOSX_DEPLOYMENT_TARGET = 13.1;
				MARKETING_VERSION = 1.0;
				PRODUCT_BUNDLE_IDENTIFIER = DevOp.GridDemo;
				PRODUCT_NAME = "$(TARGET_NAME)";
				SDKROOT = auto;
				SUPPORTED_PLATFORMS = "iphoneos iphonesimulator macosx";
				SWIFT_EMIT_LOC_STRINGS = YES;
				SWIFT_VERSION = 5.0;
				TARGETED_DEVICE_FAMILY = "1,2";
			};
			name = Release;
		};
		F257D38C29C40B5A00A1829E /* Debug */ = {
			isa = XCBuildConfiguration;
			buildSettings = {
				ALWAYS_EMBED_SWIFT_STANDARD_LIBRARIES = YES;
				BUNDLE_LOADER = "$(TEST_HOST)";
				CODE_SIGN_STYLE = Automatic;
				CURRENT_PROJECT_VERSION = 1;
				DEVELOPMENT_TEAM = VT9QW74UCT;
				GENERATE_INFOPLIST_FILE = YES;
				IPHONEOS_DEPLOYMENT_TARGET = 16.2;
				MACOSX_DEPLOYMENT_TARGET = 13.1;
				MARKETING_VERSION = 1.0;
				PRODUCT_BUNDLE_IDENTIFIER = DevOp.GridDemoTests;
				PRODUCT_NAME = "$(TARGET_NAME)";
				SDKROOT = auto;
				SUPPORTED_PLATFORMS = "iphoneos iphonesimulator macosx";
				SWIFT_EMIT_LOC_STRINGS = NO;
				SWIFT_VERSION = 5.0;
				TARGETED_DEVICE_FAMILY = "1,2";
				TEST_HOST = "$(BUILT_PRODUCTS_DIR)/GridDemo.app/$(BUNDLE_EXECUTABLE_FOLDER_PATH)/GridDemo";
			};
			name = Debug;
		};
		F257D38D29C40B5A00A1829E /* Release */ = {
			isa = XCBuildConfiguration;
			buildSettings = {
				ALWAYS_EMBED_SWIFT_STANDARD_LIBRARIES = YES;
				BUNDLE_LOADER = "$(TEST_HOST)";
				CODE_SIGN_STYLE = Automatic;
				CURRENT_PROJECT_VERSION = 1;
				DEVELOPMENT_TEAM = VT9QW74UCT;
				GENERATE_INFOPLIST_FILE = YES;
				IPHONEOS_DEPLOYMENT_TARGET = 16.2;
				MACOSX_DEPLOYMENT_TARGET = 13.1;
				MARKETING_VERSION = 1.0;
				PRODUCT_BUNDLE_IDENTIFIER = DevOp.GridDemoTests;
				PRODUCT_NAME = "$(TARGET_NAME)";
				SDKROOT = auto;
				SUPPORTED_PLATFORMS = "iphoneos iphonesimulator macosx";
				SWIFT_EMIT_LOC_STRINGS = NO;
				SWIFT_VERSION = 5.0;
				TARGETED_DEVICE_FAMILY = "1,2";
				TEST_HOST = "$(BUILT_PRODUCTS_DIR)/GridDemo.app/$(BUNDLE_EXECUTABLE_FOLDER_PATH)/GridDemo";
			};
			name = Release;
		};
		F257D38F29C40B5A00A1829E /* Debug */ = {
			isa = XCBuildConfiguration;
			buildSettings = {
				ALWAYS_EMBED_SWIFT_STANDARD_LIBRARIES = YES;
				CODE_SIGN_STYLE = Automatic;
				CURRENT_PROJECT_VERSION = 1;
				DEVELOPMENT_TEAM = VT9QW74UCT;
				GENERATE_INFOPLIST_FILE = YES;
				IPHONEOS_DEPLOYMENT_TARGET = 16.2;
				MACOSX_DEPLOYMENT_TARGET = 13.1;
				MARKETING_VERSION = 1.0;
				PRODUCT_BUNDLE_IDENTIFIER = DevOp.GridDemoUITests;
				PRODUCT_NAME = "$(TARGET_NAME)";
				SDKROOT = auto;
				SUPPORTED_PLATFORMS = "iphoneos iphonesimulator macosx";
				SWIFT_EMIT_LOC_STRINGS = NO;
				SWIFT_VERSION = 5.0;
				TARGETED_DEVICE_FAMILY = "1,2";
				TEST_TARGET_NAME = GridDemo;
			};
			name = Debug;
		};
		F257D39029C40B5A00A1829E /* Release */ = {
			isa = XCBuildConfiguration;
			buildSettings = {
				ALWAYS_EMBED_SWIFT_STANDARD_LIBRARIES = YES;
				CODE_SIGN_STYLE = Automatic;
				CURRENT_PROJECT_VERSION = 1;
				DEVELOPMENT_TEAM = VT9QW74UCT;
				GENERATE_INFOPLIST_FILE = YES;
				IPHONEOS_DEPLOYMENT_TARGET = 16.2;
				MACOSX_DEPLOYMENT_TARGET = 13.1;
				MARKETING_VERSION = 1.0;
				PRODUCT_BUNDLE_IDENTIFIER = DevOp.GridDemoUITests;
				PRODUCT_NAME = "$(TARGET_NAME)";
				SDKROOT = auto;
				SUPPORTED_PLATFORMS = "iphoneos iphonesimulator macosx";
				SWIFT_EMIT_LOC_STRINGS = NO;
				SWIFT_VERSION = 5.0;
				TARGETED_DEVICE_FAMILY = "1,2";
				TEST_TARGET_NAME = GridDemo;
			};
			name = Release;
		};
/* End XCBuildConfiguration section */

/* Begin XCConfigurationList section */
		F257D35E29C40B5900A1829E /* Build configuration list for PBXProject "GridDemo" */ = {
			isa = XCConfigurationList;
			buildConfigurations = (
				F257D38629C40B5A00A1829E /* Debug */,
				F257D38729C40B5A00A1829E /* Release */,
			);
			defaultConfigurationIsVisible = 0;
			defaultConfigurationName = Release;
		};
		F257D38829C40B5A00A1829E /* Build configuration list for PBXNativeTarget "GridDemo" */ = {
			isa = XCConfigurationList;
			buildConfigurations = (
				F257D38929C40B5A00A1829E /* Debug */,
				F257D38A29C40B5A00A1829E /* Release */,
			);
			defaultConfigurationIsVisible = 0;
			defaultConfigurationName = Release;
		};
		F257D38B29C40B5A00A1829E /* Build configuration list for PBXNativeTarget "GridDemoTests" */ = {
			isa = XCConfigurationList;
			buildConfigurations = (
				F257D38C29C40B5A00A1829E /* Debug */,
				F257D38D29C40B5A00A1829E /* Release */,
			);
			defaultConfigurationIsVisible = 0;
			defaultConfigurationName = Release;
		};
		F257D38E29C40B5A00A1829E /* Build configuration list for PBXNativeTarget "GridDemoUITests" */ = {
			isa = XCConfigurationList;
			buildConfigurations = (
				F257D38F29C40B5A00A1829E /* Debug */,
				F257D39029C40B5A00A1829E /* Release */,
			);
			defaultConfigurationIsVisible = 0;
			defaultConfigurationName = Release;
		};
/* End XCConfigurationList section */
	};
	rootObject = F257D35B29C40B5900A1829E /* Project object */;
}
